
Microsoft Visual Studio Solution File, Format Version 12.00
# Visual Studio 2013
VisualStudioVersion = 12.0.30501.0
MinimumVisualStudioVersion = 10.0.40219.1
Project("{FAE04EC0-301F-11D3-BF4B-00C04F79EFBC}") = "DataflowPlayground", "DataflowPlayground\DataflowPlayground.csproj", "{C761EAE2-5B0F-4E35-93C1-814A8C05E36D}"
EndProject
Project("{FAE04EC0-301F-11D3-BF4B-00C04F79EFBC}") = "Core", "Core\Core.csproj", "{38DCCB1A-9D42-4A5A-9435-45F337621D94}"
EndProject
Project("{FAE04EC0-301F-11D3-BF4B-00C04F79EFBC}") = "Core.Tests", "Core.Tests\Core.Tests.csproj", "{3B4FD662-C8FE-4504-BEFD-68B97D08ECBF}"
EndProject
Global
	GlobalSection(SolutionConfigurationPlatforms) = preSolution
		Debug|Any CPU = Debug|Any CPU
		Release|Any CPU = Release|Any CPU
	EndGlobalSection
	GlobalSection(ProjectConfigurationPlatforms) = postSolution
		{C761EAE2-5B0F-4E35-93C1-814A8C05E36D}.Debug|Any CPU.ActiveCfg = Debug|Any CPU
		{C761EAE2-5B0F-4E35-93C1-814A8C05E36D}.Debug|Any CPU.Build.0 = Debug|Any CPU
		{C761EAE2-5B0F-4E35-93C1-814A8C05E36D}.Release|Any CPU.ActiveCfg = Release|Any CPU
		{C761EAE2-5B0F-4E35-93C1-814A8C05E36D}.Release|Any CPU.Build.0 = Release|Any CPU
		{38DCCB1A-9D42-4A5A-9435-45F337621D94}.Debug|Any CPU.ActiveCfg = Debug|Any CPU
		{38DCCB1A-9D42-4A5A-9435-45F337621D94}.Debug|Any CPU.Build.0 = Debug|Any CPU
		{38DCCB1A-9D42-4A5A-9435-45F337621D94}.Release|Any CPU.ActiveCfg = Release|Any CPU
		{38DCCB1A-9D42-4A5A-9435-45F337621D94}.Release|Any CPU.Build.0 = Release|Any CPU
		{3B4FD662-C8FE-4504-BEFD-68B97D08ECBF}.Debug|Any CPU.ActiveCfg = Debug|Any CPU
		{3B4FD662-C8FE-4504-BEFD-68B97D08ECBF}.Debug|Any CPU.Build.0 = Debug|Any CPU
		{3B4FD662-C8FE-4504-BEFD-68B97D08ECBF}.Release|Any CPU.ActiveCfg = Release|Any CPU
		{3B4FD662-C8FE-4504-BEFD-68B97D08ECBF}.Release|Any CPU.Build.0 = Release|Any CPU
	EndGlobalSection
	GlobalSection(SolutionProperties) = preSolution
		HideSolutionNode = FALSE
	EndGlobalSection
EndGlobal
